// !$*UTF8*$!
{
	archiveVersion = 1;
	classes = {
	};
	objectVersion = 46;
	objects = {

/* Begin PBXBuildFile section */
		12798E7A1E3DBCB3002F483D /* AppDelegate.swift in Sources */ = {isa = PBXBuildFile; fileRef = 12798E791E3DBCB3002F483D /* AppDelegate.swift */; };
		12798E7C1E3DBCB3002F483D /* ViewController.swift in Sources */ = {isa = PBXBuildFile; fileRef = 12798E7B1E3DBCB3002F483D /* ViewController.swift */; };
		12798E7F1E3DBCB3002F483D /* Main.storyboard in Resources */ = {isa = PBXBuildFile; fileRef = 12798E7D1E3DBCB3002F483D /* Main.storyboard */; };
		12798E811E3DBCB3002F483D /* Assets.xcassets in Resources */ = {isa = PBXBuildFile; fileRef = 12798E801E3DBCB3002F483D /* Assets.xcassets */; };
		12798E841E3DBCB3002F483D /* LaunchScreen.storyboard in Resources */ = {isa = PBXBuildFile; fileRef = 12798E821E3DBCB3002F483D /* LaunchScreen.storyboard */; };
		12798E8F1E3DBCB3002F483D /* TouchTrackerTests.swift in Sources */ = {isa = PBXBuildFile; fileRef = 12798E8E1E3DBCB3002F483D /* TouchTrackerTests.swift */; };
		12798E9A1E3DBCB3002F483D /* TouchTrackerUITests.swift in Sources */ = {isa = PBXBuildFile; fileRef = 12798E991E3DBCB3002F483D /* TouchTrackerUITests.swift */; };
		12798EA81E3DBD5E002F483D /* Line.swift in Sources */ = {isa = PBXBuildFile; fileRef = 12798EA71E3DBD5E002F483D /* Line.swift */; };
		12798EAA1E3DBF33002F483D /* DrawView.swift in Sources */ = {isa = PBXBuildFile; fileRef = 12798EA91E3DBF33002F483D /* DrawView.swift */; };
/* End PBXBuildFile section */

/* Begin PBXContainerItemProxy section */
		12798E8B1E3DBCB3002F483D /* PBXContainerItemProxy */ = {
			isa = PBXContainerItemProxy;
			containerPortal = 12798E6E1E3DBCB3002F483D /* Project object */;
			proxyType = 1;
			remoteGlobalIDString = 12798E751E3DBCB3002F483D;
			remoteInfo = TouchTracker;
		};
		12798E961E3DBCB3002F483D /* PBXContainerItemProxy */ = {
			isa = PBXContainerItemProxy;
			containerPortal = 12798E6E1E3DBCB3002F483D /* Project object */;
			proxyType = 1;
			remoteGlobalIDString = 12798E751E3DBCB3002F483D;
			remoteInfo = TouchTracker;
		};
/* End PBXContainerItemProxy section */

/* Begin PBXFileReference section */
		12798E761E3DBCB3002F483D /* TouchTracker.app */ = {isa = PBXFileReference; explicitFileType = wrapper.application; includeInIndex = 0; path = TouchTracker.app; sourceTree = BUILT_PRODUCTS_DIR; };
		12798E791E3DBCB3002F483D /* AppDelegate.swift */ = {isa = PBXFileReference; lastKnownFileType = sourcecode.swift; path = AppDelegate.swift; sourceTree = "<group>"; };
		12798E7B1E3DBCB3002F483D /* ViewController.swift */ = {isa = PBXFileReference; lastKnownFileType = sourcecode.swift; path = ViewController.swift; sourceTree = "<group>"; };
		12798E7E1E3DBCB3002F483D /* Base */ = {isa = PBXFileReference; lastKnownFileType = file.storyboard; name = Base; path = Base.lproj/Main.storyboard; sourceTree = "<group>"; };
		12798E801E3DBCB3002F483D /* Assets.xcassets */ = {isa = PBXFileReference; lastKnownFileType = folder.assetcatalog; path = Assets.xcassets; sourceTree = "<group>"; };
		12798E831E3DBCB3002F483D /* Base */ = {isa = PBXFileReference; lastKnownFileType = file.storyboard; name = Base; path = Base.lproj/LaunchScreen.storyboard; sourceTree = "<group>"; };
		12798E851E3DBCB3002F483D /* Info.plist */ = {isa = PBXFileReference; lastKnownFileType = text.plist.xml; path = Info.plist; sourceTree = "<group>"; };
		12798E8A1E3DBCB3002F483D /* TouchTrackerTests.xctest */ = {isa = PBXFileReference; explicitFileType = wrapper.cfbundle; includeInIndex = 0; path = TouchTrackerTests.xctest; sourceTree = BUILT_PRODUCTS_DIR; };
		12798E8E1E3DBCB3002F483D /* TouchTrackerTests.swift */ = {isa = PBXFileReference; lastKnownFileType = sourcecode.swift; path = TouchTrackerTests.swift; sourceTree = "<group>"; };
		12798E901E3DBCB3002F483D /* Info.plist */ = {isa = PBXFileReference; lastKnownFileType = text.plist.xml; path = Info.plist; sourceTree = "<group>"; };
		12798E951E3DBCB3002F483D /* TouchTrackerUITests.xctest */ = {isa = PBXFileReference; explicitFileType = wrapper.cfbundle; includeInIndex = 0; path = TouchTrackerUITests.xctest; sourceTree = BUILT_PRODUCTS_DIR; };
		12798E991E3DBCB3002F483D /* TouchTrackerUITests.swift */ = {isa = PBXFileReference; lastKnownFileType = sourcecode.swift; path = TouchTrackerUITests.swift; sourceTree = "<group>"; };
		12798E9B1E3DBCB3002F483D /* Info.plist */ = {isa = PBXFileReference; lastKnownFileType = text.plist.xml; path = Info.plist; sourceTree = "<group>"; };
		12798EA71E3DBD5E002F483D /* Line.swift */ = {isa = PBXFileReference; fileEncoding = 4; lastKnownFileType = sourcecode.swift; name = Line.swift; path = ../Line.swift; sourceTree = "<group>"; };
		12798EA91E3DBF33002F483D /* DrawView.swift */ = {isa = PBXFileReference; fileEncoding = 4; lastKnownFileType = sourcecode.swift; path = DrawView.swift; sourceTree = "<group>"; };
/* End PBXFileReference section */

/* Begin PBXFrameworksBuildPhase section */
		12798E731E3DBCB3002F483D /* Frameworks */ = {
			isa = PBXFrameworksBuildPhase;
			buildActionMask = 2147483647;
			files = (
			);
			runOnlyForDeploymentPostprocessing = 0;
		};
		12798E871E3DBCB3002F483D /* Frameworks */ = {
			isa = PBXFrameworksBuildPhase;
			buildActionMask = 2147483647;
			files = (
			);
			runOnlyForDeploymentPostprocessing = 0;
		};
		12798E921E3DBCB3002F483D /* Frameworks */ = {
			isa = PBXFrameworksBuildPhase;
			buildActionMask = 2147483647;
			files = (
			);
			runOnlyForDeploymentPostprocessing = 0;
		};
/* End PBXFrameworksBuildPhase section */

/* Begin PBXGroup section */
		12798E6D1E3DBCB3002F483D = {
			isa = PBXGroup;
			children = (
				12798E781E3DBCB3002F483D /* TouchTracker */,
				12798E8D1E3DBCB3002F483D /* TouchTrackerTests */,
				12798E981E3DBCB3002F483D /* TouchTrackerUITests */,
				12798E771E3DBCB3002F483D /* Products */,
			);
			sourceTree = "<group>";
		};
		12798E771E3DBCB3002F483D /* Products */ = {
			isa = PBXGroup;
			children = (
				12798E761E3DBCB3002F483D /* TouchTracker.app */,
				12798E8A1E3DBCB3002F483D /* TouchTrackerTests.xctest */,
				12798E951E3DBCB3002F483D /* TouchTrackerUITests.xctest */,
			);
			name = Products;
			sourceTree = "<group>";
		};
		12798E781E3DBCB3002F483D /* TouchTracker */ = {
			isa = PBXGroup;
			children = (
				12798EA91E3DBF33002F483D /* DrawView.swift */,
				12798EA71E3DBD5E002F483D /* Line.swift */,
				12798E791E3DBCB3002F483D /* AppDelegate.swift */,
				12798E7B1E3DBCB3002F483D /* ViewController.swift */,
				12798E7D1E3DBCB3002F483D /* Main.storyboard */,
				12798E801E3DBCB3002F483D /* Assets.xcassets */,
				12798E821E3DBCB3002F483D /* LaunchScreen.storyboard */,
				12798E851E3DBCB3002F483D /* Info.plist */,
			);
			path = TouchTracker;
			sourceTree = "<group>";
		};
		12798E8D1E3DBCB3002F483D /* TouchTrackerTests */ = {
			isa = PBXGroup;
			children = (
				12798E8E1E3DBCB3002F483D /* TouchTrackerTests.swift */,
				12798E901E3DBCB3002F483D /* Info.plist */,
			);
			path = TouchTrackerTests;
			sourceTree = "<group>";
		};
		12798E981E3DBCB3002F483D /* TouchTrackerUITests */ = {
			isa = PBXGroup;
			children = (
				12798E991E3DBCB3002F483D /* TouchTrackerUITests.swift */,
				12798E9B1E3DBCB3002F483D /* Info.plist */,
			);
			path = TouchTrackerUITests;
			sourceTree = "<group>";
		};
/* End PBXGroup section */

/* Begin PBXNativeTarget section */
		12798E751E3DBCB3002F483D /* TouchTracker */ = {
			isa = PBXNativeTarget;
			buildConfigurationList = 12798E9E1E3DBCB3002F483D /* Build configuration list for PBXNativeTarget "TouchTracker" */;
			buildPhases = (
				12798E721E3DBCB3002F483D /* Sources */,
				12798E731E3DBCB3002F483D /* Frameworks */,
				12798E741E3DBCB3002F483D /* Resources */,
			);
			buildRules = (
			);
			dependencies = (
			);
			name = TouchTracker;
			productName = TouchTracker;
			productReference = 12798E761E3DBCB3002F483D /* TouchTracker.app */;
			productType = "com.apple.product-type.application";
		};
		12798E891E3DBCB3002F483D /* TouchTrackerTests */ = {
			isa = PBXNativeTarget;
			buildConfigurationList = 12798EA11E3DBCB3002F483D /* Build configuration list for PBXNativeTarget "TouchTrackerTests" */;
			buildPhases = (
				12798E861E3DBCB3002F483D /* Sources */,
				12798E871E3DBCB3002F483D /* Frameworks */,
				12798E881E3DBCB3002F483D /* Resources */,
			);
			buildRules = (
			);
			dependencies = (
				12798E8C1E3DBCB3002F483D /* PBXTargetDependency */,
			);
			name = TouchTrackerTests;
			productName = TouchTrackerTests;
			productReference = 12798E8A1E3DBCB3002F483D /* TouchTrackerTests.xctest */;
			productType = "com.apple.product-type.bundle.unit-test";
		};
		12798E941E3DBCB3002F483D /* TouchTrackerUITests */ = {
			isa = PBXNativeTarget;
			buildConfigurationList = 12798EA41E3DBCB3002F483D /* Build configuration list for PBXNativeTarget "TouchTrackerUITests" */;
			buildPhases = (
				12798E911E3DBCB3002F483D /* Sources */,
				12798E921E3DBCB3002F483D /* Frameworks */,
				12798E931E3DBCB3002F483D /* Resources */,
			);
			buildRules = (
			);
			dependencies = (
				12798E971E3DBCB3002F483D /* PBXTargetDependency */,
			);
			name = TouchTrackerUITests;
			productName = TouchTrackerUITests;
			productReference = 12798E951E3DBCB3002F483D /* TouchTrackerUITests.xctest */;
			productType = "com.apple.product-type.bundle.ui-testing";
		};
/* End PBXNativeTarget section */

/* Begin PBXProject section */
		12798E6E1E3DBCB3002F483D /* Project object */ = {
			isa = PBXProject;
			attributes = {
				LastSwiftUpdateCheck = 0820;
				LastUpgradeCheck = 0820;
				ORGANIZATIONNAME = "Seab Jackson";
				TargetAttributes = {
					12798E751E3DBCB3002F483D = {
						CreatedOnToolsVersion = 8.2.1;
						DevelopmentTeam = 86SYWTB5Q2;
						ProvisioningStyle = Automatic;
					};
					12798E891E3DBCB3002F483D = {
						CreatedOnToolsVersion = 8.2.1;
						DevelopmentTeam = 86SYWTB5Q2;
						ProvisioningStyle = Automatic;
						TestTargetID = 12798E751E3DBCB3002F483D;
					};
					12798E941E3DBCB3002F483D = {
						CreatedOnToolsVersion = 8.2.1;
						DevelopmentTeam = 86SYWTB5Q2;
						ProvisioningStyle = Automatic;
						TestTargetID = 12798E751E3DBCB3002F483D;
					};
				};
			};
			buildConfigurationList = 12798E711E3DBCB3002F483D /* Build configuration list for PBXProject "TouchTracker" */;
			compatibilityVersion = "Xcode 3.2";
			developmentRegion = English;
			hasScannedForEncodings = 0;
			knownRegions = (
				en,
				Base,
			);
			mainGroup = 12798E6D1E3DBCB3002F483D;
			productRefGroup = 12798E771E3DBCB3002F483D /* Products */;
			projectDirPath = "";
			projectRoot = "";
			targets = (
				12798E751E3DBCB3002F483D /* TouchTracker */,
				12798E891E3DBCB3002F483D /* TouchTrackerTests */,
				12798E941E3DBCB3002F483D /* TouchTrackerUITests */,
			);
		};
/* End PBXProject section */

/* Begin PBXResourcesBuildPhase section */
		12798E741E3DBCB3002F483D /* Resources */ = {
			isa = PBXResourcesBuildPhase;
			buildActionMask = 2147483647;
			files = (
				12798E841E3DBCB3002F483D /* LaunchScreen.storyboard in Resources */,
				12798E811E3DBCB3002F483D /* Assets.xcassets in Resources */,
				12798E7F1E3DBCB3002F483D /* Main.storyboard in Resources */,
			);
			runOnlyForDeploymentPostprocessing = 0;
		};
		12798E881E3DBCB3002F483D /* Resources */ = {
			isa = PBXResourcesBuildPhase;
			buildActionMask = 2147483647;
			files = (
			);
			runOnlyForDeploymentPostprocessing = 0;
		};
		12798E931E3DBCB3002F483D /* Resources */ = {
			isa = PBXResourcesBuildPhase;
			buildActionMask = 2147483647;
			files = (
			);
			runOnlyForDeploymentPostprocessing = 0;
		};
/* End PBXResourcesBuildPhase section */

/* Begin PBXSourcesBuildPhase section */
		12798E721E3DBCB3002F483D /* Sources */ = {
			isa = PBXSourcesBuildPhase;
			buildActionMask = 2147483647;
			files = (
				12798EA81E3DBD5E002F483D /* Line.swift in Sources */,
				12798E7C1E3DBCB3002F483D /* ViewController.swift in Sources */,
				12798EAA1E3DBF33002F483D /* DrawView.swift in Sources */,
				12798E7A1E3DBCB3002F483D /* AppDelegate.swift in Sources */,
			);
			runOnlyForDeploymentPostprocessing = 0;
		};
		12798E861E3DBCB3002F483D /* Sources */ = {
			isa = PBXSourcesBuildPhase;
			buildActionMask = 2147483647;
			files = (
				12798E8F1E3DBCB3002F483D /* TouchTrackerTests.swift in Sources */,
			);
			runOnlyForDeploymentPostprocessing = 0;
		};
		12798E911E3DBCB3002F483D /* Sources */ = {
			isa = PBXSourcesBuildPhase;
			buildActionMask = 2147483647;
			files = (
				12798E9A1E3DBCB3002F483D /* TouchTrackerUITests.swift in Sources */,
			);
			runOnlyForDeploymentPostprocessing = 0;
		};
/* End PBXSourcesBuildPhase section */

/* Begin PBXTargetDependency section */
		12798E8C1E3DBCB3002F483D /* PBXTargetDependency */ = {
			isa = PBXTargetDependency;
			target = 12798E751E3DBCB3002F483D /* TouchTracker */;
			targetProxy = 12798E8B1E3DBCB3002F483D /* PBXContainerItemProxy */;
		};
		12798E971E3DBCB3002F483D /* PBXTargetDependency */ = {
			isa = PBXTargetDependency;
			target = 12798E751E3DBCB3002F483D /* TouchTracker */;
			targetProxy = 12798E961E3DBCB3002F483D /* PBXContainerItemProxy */;
		};
/* End PBXTargetDependency section */

/* Begin PBXVariantGroup section */
		12798E7D1E3DBCB3002F483D /* Main.storyboard */ = {
			isa = PBXVariantGroup;
			children = (
				12798E7E1E3DBCB3002F483D /* Base */,
			);
			name = Main.storyboard;
			sourceTree = "<group>";
		};
		12798E821E3DBCB3002F483D /* LaunchScreen.storyboard */ = {
			isa = PBXVariantGroup;
			children = (
				12798E831E3DBCB3002F483D /* Base */,
			);
			name = LaunchScreen.storyboard;
			sourceTree = "<group>";
		};
/* End PBXVariantGroup section */

/* Begin XCBuildConfiguration section */
		12798E9C1E3DBCB3002F483D /* Debug */ = {
			isa = XCBuildConfiguration;
			buildSettings = {
				ALWAYS_SEARCH_USER_PATHS = NO;
				CLANG_ANALYZER_NONNULL = YES;
				CLANG_CXX_LANGUAGE_STANDARD = "gnu++0x";
				CLANG_CXX_LIBRARY = "libc++";
				CLANG_ENABLE_MODULES = YES;
				CLANG_ENABLE_OBJC_ARC = YES;
				CLANG_WARN_BOOL_CONVERSION = YES;
				CLANG_WARN_CONSTANT_CONVERSION = YES;
				CLANG_WARN_DIRECT_OBJC_ISA_USAGE = YES_ERROR;
				CLANG_WARN_DOCUMENTATION_COMMENTS = YES;
				CLANG_WARN_EMPTY_BODY = YES;
				CLANG_WARN_ENUM_CONVERSION = YES;
				CLANG_WARN_INFINITE_RECURSION = YES;
				CLANG_WARN_INT_CONVERSION = YES;
				CLANG_WARN_OBJC_ROOT_CLASS = YES_ERROR;
				CLANG_WARN_SUSPICIOUS_MOVE = YES;
				CLANG_WARN_UNREACHABLE_CODE = YES;
				CLANG_WARN__DUPLICATE_METHOD_MATCH = YES;
				"CODE_SIGN_IDENTITY[sdk=iphoneos*]" = "iPhone Developer";
				COPY_PHASE_STRIP = NO;
				DEBUG_INFORMATION_FORMAT = dwarf;
				ENABLE_STRICT_OBJC_MSGSEND = YES;
				ENABLE_TESTABILITY = YES;
				GCC_C_LANGUAGE_STANDARD = gnu99;
				GCC_DYNAMIC_NO_PIC = NO;
				GCC_NO_COMMON_BLOCKS = YES;
				GCC_OPTIMIZATION_LEVEL = 0;
				GCC_PREPROCESSOR_DEFINITIONS = (
					"DEBUG=1",
					"$(inherited)",
				);
				GCC_WARN_64_TO_32_BIT_CONVERSION = YES;
				GCC_WARN_ABOUT_RETURN_TYPE = YES_ERROR;
				GCC_WARN_UNDECLARED_SELECTOR = YES;
				GCC_WARN_UNINITIALIZED_AUTOS = YES_AGGRESSIVE;
				GCC_WARN_UNUSED_FUNCTION = YES;
				GCC_WARN_UNUSED_VARIABLE = YES;
				IPHONEOS_DEPLOYMENT_TARGET = 10.2;
				MTL_ENABLE_DEBUG_INFO = YES;
				ONLY_ACTIVE_ARCH = YES;
				SDKROOT = iphoneos;
				SWIFT_ACTIVE_COMPILATION_CONDITIONS = DEBUG;
				SWIFT_OPTIMIZATION_LEVEL = "-Onone";
			};
			name = Debug;
		};
		12798E9D1E3DBCB3002F483D /* Release */ = {
			isa = XCBuildConfiguration;
			buildSettings = {
				ALWAYS_SEARCH_USER_PATHS = NO;
				CLANG_ANALYZER_NONNULL = YES;
				CLANG_CXX_LANGUAGE_STANDARD = "gnu++0x";
				CLANG_CXX_LIBRARY = "libc++";
				CLANG_ENABLE_MODULES = YES;
				CLANG_ENABLE_OBJC_ARC = YES;
				CLANG_WARN_BOOL_CONVERSION = YES;
				CLANG_WARN_CONSTANT_CONVERSION = YES;
				CLANG_WARN_DIRECT_OBJC_ISA_USAGE = YES_ERROR;
				CLANG_WARN_DOCUMENTATION_COMMENTS = YES;
				CLANG_WARN_EMPTY_BODY = YES;
				CLANG_WARN_ENUM_CONVERSION = YES;
				CLANG_WARN_INFINITE_RECURSION = YES;
				CLANG_WARN_INT_CONVERSION = YES;
				CLANG_WARN_OBJC_ROOT_CLASS = YES_ERROR;
				CLANG_WARN_SUSPICIOUS_MOVE = YES;
				CLANG_WARN_UNREACHABLE_CODE = YES;
				CLANG_WARN__DUPLICATE_METHOD_MATCH = YES;
				"CODE_SIGN_IDENTITY[sdk=iphoneos*]" = "iPhone Developer";
				COPY_PHASE_STRIP = NO;
				DEBUG_INFORMATION_FORMAT = "dwarf-with-dsym";
				ENABLE_NS_ASSERTIONS = NO;
				ENABLE_STRICT_OBJC_MSGSEND = YES;
				GCC_C_LANGUAGE_STANDARD = gnu99;
				GCC_NO_COMMON_BLOCKS = YES;
				GCC_WARN_64_TO_32_BIT_CONVERSION = YES;
				GCC_WARN_ABOUT_RETURN_TYPE = YES_ERROR;
				GCC_WARN_UNDECLARED_SELECTOR = YES;
				GCC_WARN_UNINITIALIZED_AUTOS = YES_AGGRESSIVE;
				GCC_WARN_UNUSED_FUNCTION = YES;
				GCC_WARN_UNUSED_VARIABLE = YES;
				IPHONEOS_DEPLOYMENT_TARGET = 10.2;
				MTL_ENABLE_DEBUG_INFO = NO;
				SDKROOT = iphoneos;
				SWIFT_OPTIMIZATION_LEVEL = "-Owholemodule";
				VALIDATE_PRODUCT = YES;
			};
			name = Release;
		};
		12798E9F1E3DBCB3002F483D /* Debug */ = {
			isa = XCBuildConfiguration;
			buildSettings = {
				ASSETCATALOG_COMPILER_APPICON_NAME = AppIcon;
				DEVELOPMENT_TEAM = 86SYWTB5Q2;
				INFOPLIST_FILE = TouchTracker/Info.plist;
				LD_RUNPATH_SEARCH_PATHS = "$(inherited) @executable_path/Frameworks";
				PRODUCT_BUNDLE_IDENTIFIER = "Seab-Jackson.TouchTracker";
				PRODUCT_NAME = "$(TARGET_NAME)";
				SWIFT_VERSION = 3.0;
			};
			name = Debug;
		};
		12798EA01E3DBCB3002F483D /* Release */ = {
			isa = XCBuildConfiguration;
			buildSettings = {
				ASSETCATALOG_COMPILER_APPICON_NAME = AppIcon;
				DEVELOPMENT_TEAM = 86SYWTB5Q2;
				INFOPLIST_FILE = TouchTracker/Info.plist;
				LD_RUNPATH_SEARCH_PATHS = "$(inherited) @executable_path/Frameworks";
				PRODUCT_BUNDLE_IDENTIFIER = "Seab-Jackson.TouchTracker";
				PRODUCT_NAME = "$(TARGET_NAME)";
				SWIFT_VERSION = 3.0;
			};
			name = Release;
		};
		12798EA21E3DBCB3002F483D /* Debug */ = {
			isa = XCBuildConfiguration;
			buildSettings = {
				ALWAYS_EMBED_SWIFT_STANDARD_LIBRARIES = YES;
				BUNDLE_LOADER = "$(TEST_HOST)";
				DEVELOPMENT_TEAM = 86SYWTB5Q2;
				INFOPLIST_FILE = TouchTrackerTests/Info.plist;
				LD_RUNPATH_SEARCH_PATHS = "$(inherited) @executable_path/Frameworks @loader_path/Frameworks";
				PRODUCT_BUNDLE_IDENTIFIER = "Seab-Jackson.TouchTrackerTests";
				PRODUCT_NAME = "$(TARGET_NAME)";
				SWIFT_VERSION = 3.0;
				TEST_HOST = "$(BUILT_PRODUCTS_DIR)/TouchTracker.app/TouchTracker";
			};
			name = Debug;
		};
		12798EA31E3DBCB3002F483D /* Release */ = {
			isa = XCBuildConfiguration;
			buildSettings = {
				ALWAYS_EMBED_SWIFT_STANDARD_LIBRARIES = YES;
				BUNDLE_LOADER = "$(TEST_HOST)";
				DEVELOPMENT_TEAM = 86SYWTB5Q2;
				INFOPLIST_FILE = TouchTrackerTests/Info.plist;
				LD_RUNPATH_SEARCH_PATHS = "$(inherited) @executable_path/Frameworks @loader_path/Frameworks";
				PRODUCT_BUNDLE_IDENTIFIER = "Seab-Jackson.TouchTrackerTests";
				PRODUCT_NAME = "$(TARGET_NAME)";
				SWIFT_VERSION = 3.0;
				TEST_HOST = "$(BUILT_PRODUCTS_DIR)/TouchTracker.app/TouchTracker";
			};
			name = Release;
		};
		12798EA51E3DBCB3002F483D /* Debug */ = {
			isa = XCBuildConfiguration;
			buildSettings = {
				ALWAYS_EMBED_SWIFT_STANDARD_LIBRARIES = YES;
				DEVELOPMENT_TEAM = 86SYWTB5Q2;
				INFOPLIST_FILE = TouchTrackerUITests/Info.plist;
				LD_RUNPATH_SEARCH_PATHS = "$(inherited) @executable_path/Frameworks @loader_path/Frameworks";
				PRODUCT_BUNDLE_IDENTIFIER = "Seab-Jackson.TouchTrackerUITests";
				PRODUCT_NAME = "$(TARGET_NAME)";
				SWIFT_VERSION = 3.0;
				TEST_TARGET_NAME = TouchTracker;
			};
			name = Debug;
		};
		12798EA61E3DBCB3002F483D /* Release */ = {
			isa = XCBuildConfiguration;
			buildSettings = {
				ALWAYS_EMBED_SWIFT_STANDARD_LIBRARIES = YES;
				DEVELOPMENT_TEAM = 86SYWTB5Q2;
				INFOPLIST_FILE = TouchTrackerUITests/Info.plist;
				LD_RUNPATH_SEARCH_PATHS = "$(inherited) @executable_path/Frameworks @loader_path/Frameworks";
				PRODUCT_BUNDLE_IDENTIFIER = "Seab-Jackson.TouchTrackerUITests";
				PRODUCT_NAME = "$(TARGET_NAME)";
				SWIFT_VERSION = 3.0;
				TEST_TARGET_NAME = TouchTracker;
			};
			name = Release;
		};
/* End XCBuildConfiguration section */

/* Begin XCConfigurationList section */
		12798E711E3DBCB3002F483D /* Build configuration list for PBXProject "TouchTracker" */ = {
			isa = XCConfigurationList;
			buildConfigurations = (
				12798E9C1E3DBCB3002F483D /* Debug */,
				12798E9D1E3DBCB3002F483D /* Release */,
			);
			defaultConfigurationIsVisible = 0;
			defaultConfigurationName = Release;
		};
		12798E9E1E3DBCB3002F483D /* Build configuration list for PBXNativeTarget "TouchTracker" */ = {
			isa = XCConfigurationList;
			buildConfigurations = (
				12798E9F1E3DBCB3002F483D /* Debug */,
				12798EA01E3DBCB3002F483D /* Release */,
			);
			defaultConfigurationIsVisible = 0;
		};
		12798EA11E3DBCB3002F483D /* Build configuration list for PBXNativeTarget "TouchTrackerTests" */ = {
			isa = XCConfigurationList;
			buildConfigurations = (
				12798EA21E3DBCB3002F483D /* Debug */,
				12798EA31E3DBCB3002F483D /* Release */,
			);
			defaultConfigurationIsVisible = 0;
		};
		12798EA41E3DBCB3002F483D /* Build configuration list for PBXNativeTarget "TouchTrackerUITests" */ = {
			isa = XCConfigurationList;
			buildConfigurations = (
				12798EA51E3DBCB3002F483D /* Debug */,
				12798EA61E3DBCB3002F483D /* Release */,
			);
			defaultConfigurationIsVisible = 0;
		};
/* End XCConfigurationList section */
	};
	rootObject = 12798E6E1E3DBCB3002F483D /* Project object */;
}
